{
  "name": "gocater-dojo",
  "version": "1.0.0",
  "lockfileVersion": 1,
  "requires": true,
  "dependencies": {
    "JSONStream": {
      "version": "1.3.3",
      "resolved": "http://apidev.novalian.io/verdaccio/JSONStream/-/JSONStream-1.3.3.tgz",
      "integrity": "sha512-3Sp6WZZ/lXl+nTDoGpGWHEpTnnC6X5fnkolYZR6nwIfzbxxvA8utPWe1gCt7i0m9uVGsSz2IS8K8mJ7HmlduMg==",
      "requires": {
        "jsonparse": "^1.2.0",
        "through": ">=2.2.7 <3"
      }
    },
    "emit-stream": {
      "version": "0.1.2",
      "resolved": "http://apidev.novalian.io/verdaccio/emit-stream/-/emit-stream-0.1.2.tgz",
      "integrity": "sha1-DiBVCKDQ1tM0YHhC98R2nb+/Fug=",
      "requires": {
        "through": "~2.3.4"
      }
    },
    "events": {
      "version": "3.0.0",
      "resolved": "http://apidev.novalian.io/verdaccio/events/-/events-3.0.0.tgz",
      "integrity": "sha512-Dc381HFWJzEOhQ+d8pkNon++bk9h6cdAoAj4iE6Q4y6xgTzySWXlKn05/TVNpjnfRqi/X0EpJEJohPjNI3zpVA=="
    },
    "http": {
      "version": "0.0.0",
      "resolved": "http://apidev.novalian.io/verdaccio/http/-/http-0.0.0.tgz",
      "integrity": "sha1-huYybSnF0Dnen6xYSkVon5KfT3I="
    },
    "jsonparse": {
      "version": "1.3.1",
      "resolved": "http://apidev.novalian.io/verdaccio/jsonparse/-/jsonparse-1.3.1.tgz",
      "integrity": "sha1-P02uSpH6wxX3EGL4UhzCOfE2YoA="
    },
    "negotiator": {
      "version": "0.2.8",
      "resolved": "http://apidev.novalian.io/verdaccio/negotiator/-/negotiator-0.2.8.tgz",
      "integrity": "sha1-rf0gejh1xNNwlXKcLnwoPFui7nI="
    },
    "net": {
      "version": "1.0.2",
      "resolved": "http://apidev.novalian.io/verdaccio/net/-/net-1.0.2.tgz",
      "integrity": "sha1-0XV+yaf7I3HYPPR1XOPifhCCk4g="
    },
    "oppressor": {
      "version": "0.0.1",
      "resolved": "http://apidev.novalian.io/verdaccio/oppressor/-/oppressor-0.0.1.tgz",
      "integrity": "sha1-hLIFjJEhxMb+YyVmsx7Tlhi9j+s=",
      "requires": {
        "negotiator": "~0.2.5",
        "response-stream": "~0.0.0",
        "through": "~0.1.4"
      },
      "dependencies": {
        "through": {
          "version": "0.1.4",
          "resolved": "http://apidev.novalian.io/verdaccio/through/-/through-0.1.4.tgz",
          "integrity": "sha1-gFlXbYMwibPBjszTdYC/nMW1kTA="
        }
      }
    },
    "response-stream": {
      "version": "0.0.0",
      "resolved": "http://apidev.novalian.io/verdaccio/response-stream/-/response-stream-0.0.0.tgz",
      "integrity": "sha1-2ksXzHaEyYyWK+tNlfZoyNytCdU="
    },
    "through": {
      "version": "2.3.8",
      "resolved": "http://apidev.novalian.io/verdaccio/through/-/through-2.3.8.tgz",
      "integrity": "sha1-DdTJ/6q8NXlgsbckEV1+Doai4fU="
    }
  }
}
